// !$*UTF8*$!
{
    archiveVersion = 1;
    classes = {
    };
    objectVersion = 50;
    objects = {

/* Begin PBXBuildFile section */
        4C636CFD28DDAE0200FF9B4D /* Benchmark.mm in Sources */ = {isa = PBXBuildFile; fileRef = 4C636CFB28DDAE0200FF9B4D /* Benchmark.mm */; };
        A06D4CB5232F0DB200763E16 /* AppDelegate.m in Sources */ = {isa = PBXBuildFile; fileRef = A06D4CB4232F0DB200763E16 /* AppDelegate.m */; };
        A06D4CB8232F0DB200763E16 /* ViewController.mm in Sources */ = {isa = PBXBuildFile; fileRef = A06D4CB7232F0DB200763E16 /* ViewController.mm */; };
        A06D4CBB232F0DB200763E16 /* Main.storyboard in Resources */ = {isa = PBXBuildFile; fileRef = A06D4CB9232F0DB200763E16 /* Main.storyboard */; };
        A06D4CBD232F0DB200763E16 /* Assets.xcassets in Resources */ = {isa = PBXBuildFile; fileRef = A06D4CBC232F0DB200763E16 /* Assets.xcassets */; };
        A06D4CC0232F0DB200763E16 /* LaunchScreen.storyboard in Resources */ = {isa = PBXBuildFile; fileRef = A06D4CBE232F0DB200763E16 /* LaunchScreen.storyboard */; };
        A06D4CC3232F0DB200763E16 /* main.m in Sources */ = {isa = PBXBuildFile; fileRef = A06D4CC2232F0DB200763E16 /* main.m */; };
/* End PBXBuildFile section */

/* Begin PBXContainerItemProxy section */
        A0EA3B04237FCB08007CEA34 /* PBXContainerItemProxy */ = {
            isa = PBXContainerItemProxy;
            containerPortal = A06D4CA8232F0DB200763E16 /* Project object */;
            proxyType = 1;
            remoteGlobalIDString = A06D4CAF232F0DB200763E16;
            remoteInfo = TestApp;
        };
/* End PBXContainerItemProxy section */

/* Begin PBXFileReference section */
        4C636CFB28DDAE0200FF9B4D /* Benchmark.mm */ = {isa = PBXFileReference; fileEncoding = 4; lastKnownFileType = sourcecode.cpp.objcpp; path = Benchmark.mm; sourceTree = "<group>"; };
        4C636CFC28DDAE0200FF9B4D /* Benchmark.h */ = {isa = PBXFileReference; fileEncoding = 4; lastKnownFileType = sourcecode.c.h; path = Benchmark.h; sourceTree = "<group>"; };
        A06D4CB0232F0DB200763E16 /* TestApp.app */ = {isa = PBXFileReference; explicitFileType = wrapper.application; includeInIndex = 0; path = TestApp.app; sourceTree = BUILT_PRODUCTS_DIR; };
        A06D4CB3232F0DB200763E16 /* AppDelegate.h */ = {isa = PBXFileReference; lastKnownFileType = sourcecode.c.h; path = AppDelegate.h; sourceTree = "<group>"; };
        A06D4CB4232F0DB200763E16 /* AppDelegate.m */ = {isa = PBXFileReference; lastKnownFileType = sourcecode.c.objc; path = AppDelegate.m; sourceTree = "<group>"; };
        A06D4CB6232F0DB200763E16 /* ViewController.h */ = {isa = PBXFileReference; lastKnownFileType = sourcecode.c.h; path = ViewController.h; sourceTree = "<group>"; };
        A06D4CB7232F0DB200763E16 /* ViewController.mm */ = {isa = PBXFileReference; lastKnownFileType = sourcecode.cpp.objcpp; path = ViewController.mm; sourceTree = "<group>"; };
        A06D4CBA232F0DB200763E16 /* Base */ = {isa = PBXFileReference; lastKnownFileType = file.storyboard; name = Base; path = Base.lproj/Main.storyboard; sourceTree = "<group>"; };
        A06D4CBC232F0DB200763E16 /* Assets.xcassets */ = {isa = PBXFileReference; lastKnownFileType = folder.assetcatalog; path = Assets.xcassets; sourceTree = "<group>"; };
        A06D4CBF232F0DB200763E16 /* Base */ = {isa = PBXFileReference; lastKnownFileType = file.storyboard; name = Base; path = Base.lproj/LaunchScreen.storyboard; sourceTree = "<group>"; };
        A06D4CC1232F0DB200763E16 /* Info.plist */ = {isa = PBXFileReference; lastKnownFileType = text.plist.xml; path = Info.plist; sourceTree = "<group>"; };
        A06D4CC2232F0DB200763E16 /* main.m */ = {isa = PBXFileReference; lastKnownFileType = sourcecode.c.objc; path = main.m; sourceTree = "<group>"; };
        A0EA3AFF237FCB08007CEA34 /* TestAppTests.xctest */ = {isa = PBXFileReference; explicitFileType = wrapper.cfbundle; includeInIndex = 0; path = TestAppTests.xctest; sourceTree = BUILT_PRODUCTS_DIR; };
        A0EA3B03237FCB08007CEA34 /* Info.plist */ = {isa = PBXFileReference; lastKnownFileType = text.plist.xml; path = Info.plist; sourceTree = "<group>"; };
/* End PBXFileReference section */

/* Begin PBXFrameworksBuildPhase section */
        A06D4CAD232F0DB200763E16 /* Frameworks */ = {
            isa = PBXFrameworksBuildPhase;
            buildActionMask = 2147483647;
            files = (
            );
            runOnlyForDeploymentPostprocessing = 0;
        };
        A0EA3AFC237FCB08007CEA34 /* Frameworks */ = {
            isa = PBXFrameworksBuildPhase;
            buildActionMask = 2147483647;
            files = (
            );
            runOnlyForDeploymentPostprocessing = 0;
        };
/* End PBXFrameworksBuildPhase section */

/* Begin PBXGroup section */
        A06D4CA7232F0DB200763E16 = {
            isa = PBXGroup;
            children = (
                A06D4CB2232F0DB200763E16 /* TestApp */,
                A0EA3B00237FCB08007CEA34 /* TestAppTests */,
                A06D4CB1232F0DB200763E16 /* Products */,
            );
            sourceTree = "<group>";
        };
        A06D4CB1232F0DB200763E16 /* Products */ = {
            isa = PBXGroup;
            children = (
                A06D4CB0232F0DB200763E16 /* TestApp.app */,
                A0EA3AFF237FCB08007CEA34 /* TestAppTests.xctest */,
            );
            name = Products;
            sourceTree = "<group>";
        };
        A06D4CB2232F0DB200763E16 /* TestApp */ = {
            isa = PBXGroup;
            children = (
                4C636CFC28DDAE0200FF9B4D /* Benchmark.h */,
                4C636CFB28DDAE0200FF9B4D /* Benchmark.mm */,
                A06D4CB3232F0DB200763E16 /* AppDelegate.h */,
                A06D4CB4232F0DB200763E16 /* AppDelegate.m */,
                A06D4CB6232F0DB200763E16 /* ViewController.h */,
                A06D4CB7232F0DB200763E16 /* ViewController.mm */,
                A06D4CB9232F0DB200763E16 /* Main.storyboard */,
                A06D4CBC232F0DB200763E16 /* Assets.xcassets */,
                A06D4CBE232F0DB200763E16 /* LaunchScreen.storyboard */,
                A06D4CC1232F0DB200763E16 /* Info.plist */,
                A06D4CC2232F0DB200763E16 /* main.m */,
            );
            path = TestApp;
            sourceTree = "<group>";
        };
        A0EA3B00237FCB08007CEA34 /* TestAppTests */ = {
            isa = PBXGroup;
            children = (
                A0EA3B03237FCB08007CEA34 /* Info.plist */,
            );
            path = TestAppTests;
            sourceTree = "<group>";
        };
/* End PBXGroup section */

/* Begin PBXNativeTarget section */
        A06D4CAF232F0DB200763E16 /* TestApp */ = {
            isa = PBXNativeTarget;
            buildConfigurationList = A06D4CC6232F0DB200763E16 /* Build configuration list for PBXNativeTarget "TestApp" */;
            buildPhases = (
                A06D4CAC232F0DB200763E16 /* Sources */,
                A06D4CAD232F0DB200763E16 /* Frameworks */,
                A06D4CAE232F0DB200763E16 /* Resources */,
            );
            buildRules = (
            );
            dependencies = (
            );
            name = TestApp;
            productName = TestApp;
            productReference = A06D4CB0232F0DB200763E16 /* TestApp.app */;
            productType = "com.apple.product-type.application";
        };
        A0EA3AFE237FCB08007CEA34 /* TestAppTests */ = {
            isa = PBXNativeTarget;
            buildConfigurationList = A0EA3B08237FCB08007CEA34 /* Build configuration list for PBXNativeTarget "TestAppTests" */;
            buildPhases = (
                A0EA3AFB237FCB08007CEA34 /* Sources */,
                A0EA3AFC237FCB08007CEA34 /* Frameworks */,
                A0EA3AFD237FCB08007CEA34 /* Resources */,
            );
            buildRules = (
            );
            dependencies = (
                A0EA3B05237FCB08007CEA34 /* PBXTargetDependency */,
            );
            name = TestAppTests;
            productName = TestAppTests;
            productReference = A0EA3AFF237FCB08007CEA34 /* TestAppTests.xctest */;
            productType = "com.apple.product-type.bundle.unit-test";
        };
/* End PBXNativeTarget section */

/* Begin PBXProject section */
        A06D4CA8232F0DB200763E16 /* Project object */ = {
            isa = PBXProject;
            attributes = {
                LastUpgradeCheck = 1030;
                TargetAttributes = {
                    A06D4CAF232F0DB200763E16 = {
                        CreatedOnToolsVersion = 10.3;
                    };
                    A0EA3AFE237FCB08007CEA34 = {
                        CreatedOnToolsVersion = 11.2.1;
                        TestTargetID = A06D4CAF232F0DB200763E16;
                    };
                };
            };
            buildConfigurationList = A06D4CAB232F0DB200763E16 /* Build configuration list for PBXProject "TestApp" */;
            compatibilityVersion = "Xcode 9.3";
            developmentRegion = en;
            hasScannedForEncodings = 0;
            knownRegions = (
                en,
                Base,
            );
            mainGroup = A06D4CA7232F0DB200763E16;
            productRefGroup = A06D4CB1232F0DB200763E16 /* Products */;
            projectDirPath = "";
            projectRoot = "";
            targets = (
                A06D4CAF232F0DB200763E16 /* TestApp */,
                A0EA3AFE237FCB08007CEA34 /* TestAppTests */,
            );
        };
/* End PBXProject section */

/* Begin PBXResourcesBuildPhase section */
        A06D4CAE232F0DB200763E16 /* Resources */ = {
            isa = PBXResourcesBuildPhase;
            buildActionMask = 2147483647;
            files = (
                A06D4CC0232F0DB200763E16 /* LaunchScreen.storyboard in Resources */,
                A06D4CBD232F0DB200763E16 /* Assets.xcassets in Resources */,
                A06D4CBB232F0DB200763E16 /* Main.storyboard in Resources */,
            );
            runOnlyForDeploymentPostprocessing = 0;
        };
        A0EA3AFD237FCB08007CEA34 /* Resources */ = {
            isa = PBXResourcesBuildPhase;
            buildActionMask = 2147483647;
            files = (
            );
            runOnlyForDeploymentPostprocessing = 0;
        };
/* End PBXResourcesBuildPhase section */

/* Begin PBXSourcesBuildPhase section */
        A06D4CAC232F0DB200763E16 /* Sources */ = {
            isa = PBXSourcesBuildPhase;
            buildActionMask = 2147483647;
            files = (
                A06D4CB8232F0DB200763E16 /* ViewController.mm in Sources */,
                A06D4CC3232F0DB200763E16 /* main.m in Sources */,
                A06D4CB5232F0DB200763E16 /* AppDelegate.m in Sources */,
                4C636CFD28DDAE0200FF9B4D /* Benchmark.mm in Sources */,
            );
            runOnlyForDeploymentPostprocessing = 0;
        };
        A0EA3AFB237FCB08007CEA34 /* Sources */ = {
            isa = PBXSourcesBuildPhase;
            buildActionMask = 2147483647;
            files = (
            );
            runOnlyForDeploymentPostprocessing = 0;
        };
/* End PBXSourcesBuildPhase section */

/* Begin PBXTargetDependency section */
        A0EA3B05237FCB08007CEA34 /* PBXTargetDependency */ = {
            isa = PBXTargetDependency;
            target = A06D4CAF232F0DB200763E16 /* TestApp */;
            targetProxy = A0EA3B04237FCB08007CEA34 /* PBXContainerItemProxy */;
        };
/* End PBXTargetDependency section */

/* Begin PBXVariantGroup section */
        A06D4CB9232F0DB200763E16 /* Main.storyboard */ = {
            isa = PBXVariantGroup;
            children = (
                A06D4CBA232F0DB200763E16 /* Base */,
            );
            name = Main.storyboard;
            sourceTree = "<group>";
        };
        A06D4CBE232F0DB200763E16 /* LaunchScreen.storyboard */ = {
            isa = PBXVariantGroup;
            children = (
                A06D4CBF232F0DB200763E16 /* Base */,
            );
            name = LaunchScreen.storyboard;
            sourceTree = "<group>";
        };
/* End PBXVariantGroup section */

/* Begin XCBuildConfiguration section */
        A06D4CC4232F0DB200763E16 /* Debug */ = {
            isa = XCBuildConfiguration;
            buildSettings = {
                ALWAYS_SEARCH_USER_PATHS = NO;
                CLANG_ANALYZER_NONNULL = YES;
                CLANG_ANALYZER_NUMBER_OBJECT_CONVERSION = YES_AGGRESSIVE;
                CLANG_CXX_LANGUAGE_STANDARD = "gnu++17";
                CLANG_CXX_LIBRARY = "libc++";
                CLANG_ENABLE_MODULES = YES;
                CLANG_ENABLE_OBJC_ARC = YES;
                CLANG_ENABLE_OBJC_WEAK = YES;
                CLANG_WARN_BLOCK_CAPTURE_AUTORELEASING = YES;
                CLANG_WARN_BOOL_CONVERSION = YES;
                CLANG_WARN_COMMA = YES;
                CLANG_WARN_CONSTANT_CONVERSION = YES;
                CLANG_WARN_DEPRECATED_OBJC_IMPLEMENTATIONS = YES;
                CLANG_WARN_DIRECT_OBJC_ISA_USAGE = YES_ERROR;
                CLANG_WARN_DOCUMENTATION_COMMENTS = YES;
                CLANG_WARN_EMPTY_BODY = YES;
                CLANG_WARN_ENUM_CONVERSION = YES;
                CLANG_WARN_INFINITE_RECURSION = YES;
                CLANG_WARN_INT_CONVERSION = YES;
                CLANG_WARN_NON_LITERAL_NULL_CONVERSION = YES;
                CLANG_WARN_OBJC_IMPLICIT_RETAIN_SELF = YES;
                CLANG_WARN_OBJC_LITERAL_CONVERSION = YES;
                CLANG_WARN_OBJC_ROOT_CLASS = YES_ERROR;
                CLANG_WARN_RANGE_LOOP_ANALYSIS = YES;
                CLANG_WARN_STRICT_PROTOTYPES = YES;
                CLANG_WARN_SUSPICIOUS_MOVE = YES;
                CLANG_WARN_UNGUARDED_AVAILABILITY = YES_AGGRESSIVE;
                CLANG_WARN_UNREACHABLE_CODE = YES;
                CLANG_WARN__DUPLICATE_METHOD_MATCH = YES;
                CODE_SIGN_IDENTITY = "iPhone Developer";
                COPY_PHASE_STRIP = NO;
                DEBUG_INFORMATION_FORMAT = dwarf;
                ENABLE_STRICT_OBJC_MSGSEND = YES;
                ENABLE_TESTABILITY = YES;
                GCC_C_LANGUAGE_STANDARD = gnu11;
                GCC_DYNAMIC_NO_PIC = NO;
                GCC_NO_COMMON_BLOCKS = YES;
                GCC_OPTIMIZATION_LEVEL = 0;
                GCC_PREPROCESSOR_DEFINITIONS = (
                    "DEBUG=1",
                    "$(inherited)",
                );
                GCC_WARN_64_TO_32_BIT_CONVERSION = YES;
                GCC_WARN_ABOUT_RETURN_TYPE = YES_ERROR;
                GCC_WARN_UNDECLARED_SELECTOR = YES;
                GCC_WARN_UNINITIALIZED_AUTOS = YES_AGGRESSIVE;
                GCC_WARN_UNUSED_FUNCTION = YES;
                GCC_WARN_UNUSED_VARIABLE = YES;
                IPHONEOS_DEPLOYMENT_TARGET = 12.4;
                MTL_ENABLE_DEBUG_INFO = INCLUDE_SOURCE;
                MTL_FAST_MATH = YES;
                ONLY_ACTIVE_ARCH = YES;
                SDKROOT = iphoneos;
            };
            name = Debug;
        };
        A06D4CC5232F0DB200763E16 /* Release */ = {
            isa = XCBuildConfiguration;
            buildSettings = {
                ALWAYS_SEARCH_USER_PATHS = NO;
                CLANG_ANALYZER_NONNULL = YES;
                CLANG_ANALYZER_NUMBER_OBJECT_CONVERSION = YES_AGGRESSIVE;
                CLANG_CXX_LANGUAGE_STANDARD = "gnu++17";
                CLANG_CXX_LIBRARY = "libc++";
                CLANG_ENABLE_MODULES = YES;
                CLANG_ENABLE_OBJC_ARC = YES;
                CLANG_ENABLE_OBJC_WEAK = YES;
                CLANG_WARN_BLOCK_CAPTURE_AUTORELEASING = YES;
                CLANG_WARN_BOOL_CONVERSION = YES;
                CLANG_WARN_COMMA = YES;
                CLANG_WARN_CONSTANT_CONVERSION = YES;
                CLANG_WARN_DEPRECATED_OBJC_IMPLEMENTATIONS = YES;
                CLANG_WARN_DIRECT_OBJC_ISA_USAGE = YES_ERROR;
                CLANG_WARN_DOCUMENTATION_COMMENTS = YES;
                CLANG_WARN_EMPTY_BODY = YES;
                CLANG_WARN_ENUM_CONVERSION = YES;
                CLANG_WARN_INFINITE_RECURSION = YES;
                CLANG_WARN_INT_CONVERSION = YES;
                CLANG_WARN_NON_LITERAL_NULL_CONVERSION = YES;
                CLANG_WARN_OBJC_IMPLICIT_RETAIN_SELF = YES;
                CLANG_WARN_OBJC_LITERAL_CONVERSION = YES;
                CLANG_WARN_OBJC_ROOT_CLASS = YES_ERROR;
                CLANG_WARN_RANGE_LOOP_ANALYSIS = YES;
                CLANG_WARN_STRICT_PROTOTYPES = YES;
                CLANG_WARN_SUSPICIOUS_MOVE = YES;
                CLANG_WARN_UNGUARDED_AVAILABILITY = YES_AGGRESSIVE;
                CLANG_WARN_UNREACHABLE_CODE = YES;
                CLANG_WARN__DUPLICATE_METHOD_MATCH = YES;
                CODE_SIGN_IDENTITY = "iPhone Developer";
                COPY_PHASE_STRIP = NO;
                DEBUG_INFORMATION_FORMAT = "dwarf-with-dsym";
                ENABLE_NS_ASSERTIONS = NO;
                ENABLE_STRICT_OBJC_MSGSEND = YES;
                GCC_C_LANGUAGE_STANDARD = gnu11;
                GCC_NO_COMMON_BLOCKS = YES;
                GCC_WARN_64_TO_32_BIT_CONVERSION = YES;
                GCC_WARN_ABOUT_RETURN_TYPE = YES_ERROR;
                GCC_WARN_UNDECLARED_SELECTOR = YES;
                GCC_WARN_UNINITIALIZED_AUTOS = YES_AGGRESSIVE;
                GCC_WARN_UNUSED_FUNCTION = YES;
                GCC_WARN_UNUSED_VARIABLE = YES;
                IPHONEOS_DEPLOYMENT_TARGET = 12.4;
                MTL_ENABLE_DEBUG_INFO = NO;
                MTL_FAST_MATH = YES;
                SDKROOT = iphoneos;
                VALIDATE_PRODUCT = YES;
            };
            name = Release;
        };
        A06D4CC7232F0DB200763E16 /* Debug */ = {
            isa = XCBuildConfiguration;
            buildSettings = {
                ASSETCATALOG_COMPILER_APPICON_NAME = AppIcon;
                CODE_SIGN_STYLE = Automatic;
                DEVELOPMENT_TEAM = "";
                ENABLE_BITCODE = NO;
                INFOPLIST_FILE = TestApp/Info.plist;
                LD_RUNPATH_SEARCH_PATHS = (
                    "$(inherited)",
                    "@executable_path/Frameworks",
                );
                PRODUCT_BUNDLE_IDENTIFIER = com.pytorch.ios.TestApp;
                PRODUCT_NAME = "$(TARGET_NAME)";
                PROVISIONING_PROFILE_SPECIFIER = "";
                TARGETED_DEVICE_FAMILY = "1,2";
            };
            name = Debug;
        };
        A06D4CC8232F0DB200763E16 /* Release */ = {
            isa = XCBuildConfiguration;
            buildSettings = {
                ASSETCATALOG_COMPILER_APPICON_NAME = AppIcon;
                CODE_SIGN_STYLE = Automatic;
                DEVELOPMENT_TEAM = "";
                ENABLE_BITCODE = NO;
                INFOPLIST_FILE = TestApp/Info.plist;
                LD_RUNPATH_SEARCH_PATHS = (
                    "$(inherited)",
                    "@executable_path/Frameworks",
                );
                PRODUCT_BUNDLE_IDENTIFIER = com.pytorch.ios.TestApp;
                PRODUCT_NAME = "$(TARGET_NAME)";
                PROVISIONING_PROFILE_SPECIFIER = "";
                TARGETED_DEVICE_FAMILY = "1,2";
            };
            name = Release;
        };
        A0EA3B06237FCB08007CEA34 /* Debug */ = {
            isa = XCBuildConfiguration;
            buildSettings = {
                BUNDLE_LOADER = "$(TEST_HOST)";
                CODE_SIGN_IDENTITY = "iPhone Developer";
                CODE_SIGN_STYLE = Automatic;
                DEVELOPMENT_TEAM = "";
                INFOPLIST_FILE = TestAppTests/Info.plist;
                IPHONEOS_DEPLOYMENT_TARGET = 12.4;
                LD_RUNPATH_SEARCH_PATHS = (
                    "$(inherited)",
                    "@executable_path/Frameworks",
                    "@loader_path/Frameworks",
                );
                PRODUCT_BUNDLE_IDENTIFIER = com.pytorch.ios.TestAppTests;
                PRODUCT_NAME = "$(TARGET_NAME)";
                PROVISIONING_PROFILE_SPECIFIER = "";
                "PROVISIONING_PROFILE_SPECIFIER[sdk=macosx*]" = "";
                TARGETED_DEVICE_FAMILY = "1,2";
                TEST_HOST = "$(BUILT_PRODUCTS_DIR)/TestApp.app/$(BUNDLE_EXECUTABLE_FOLDER_PATH)/TestApp";
            };
            name = Debug;
        };
        A0EA3B07237FCB08007CEA34 /* Release */ = {
            isa = XCBuildConfiguration;
            buildSettings = {
                BUNDLE_LOADER = "$(TEST_HOST)";
                CODE_SIGN_STYLE = Automatic;
                INFOPLIST_FILE = TestAppTests/Info.plist;
                IPHONEOS_DEPLOYMENT_TARGET = 12.4;
                LD_RUNPATH_SEARCH_PATHS = (
                    "$(inherited)",
                    "@executable_path/Frameworks",
                    "@loader_path/Frameworks",
                );
                PRODUCT_BUNDLE_IDENTIFIER = com.pytorch.ios.TestAppTests;
                PRODUCT_NAME = "$(TARGET_NAME)";
                TARGETED_DEVICE_FAMILY = "1,2";
                TEST_HOST = "$(BUILT_PRODUCTS_DIR)/TestApp.app/$(BUNDLE_EXECUTABLE_FOLDER_PATH)/TestApp";
            };
            name = Release;
        };
/* End XCBuildConfiguration section */

/* Begin XCConfigurationList section */
        A06D4CAB232F0DB200763E16 /* Build configuration list for PBXProject "TestApp" */ = {
            isa = XCConfigurationList;
            buildConfigurations = (
                A06D4CC4232F0DB200763E16 /* Debug */,
                A06D4CC5232F0DB200763E16 /* Release */,
            );
            defaultConfigurationIsVisible = 0;
            defaultConfigurationName = Release;
        };
        A06D4CC6232F0DB200763E16 /* Build configuration list for PBXNativeTarget "TestApp" */ = {
            isa = XCConfigurationList;
            buildConfigurations = (
                A06D4CC7232F0DB200763E16 /* Debug */,
                A06D4CC8232F0DB200763E16 /* Release */,
            );
            defaultConfigurationIsVisible = 0;
            defaultConfigurationName = Release;
        };
        A0EA3B08237FCB08007CEA34 /* Build configuration list for PBXNativeTarget "TestAppTests" */ = {
            isa = XCConfigurationList;
            buildConfigurations = (
                A0EA3B06237FCB08007CEA34 /* Debug */,
                A0EA3B07237FCB08007CEA34 /* Release */,
            );
            defaultConfigurationIsVisible = 0;
            defaultConfigurationName = Release;
        };
/* End XCConfigurationList section */
    };
    rootObject = A06D4CA8232F0DB200763E16 /* Project object */;
}
